
Microsoft Visual Studio Solution File, Format Version 12.00
# Visual Studio 15
VisualStudioVersion = 15.0.28307.902
MinimumVisualStudioVersion = 10.0.40219.1
Project("{FAE04EC0-301F-11D3-BF4B-00C04F79EFBC}") = "platformer", "platformer\platformer.csproj", "{5E0250D4-5AB6-4379-8A0A-C49A95988E0B}"
EndProject
Global
	GlobalSection(SolutionConfigurationPlatforms) = preSolution
		Debug|x86 = Debug|x86
		Release|x86 = Release|x86
	EndGlobalSection
	GlobalSection(ProjectConfigurationPlatforms) = postSolution
		{5E0250D4-5AB6-4379-8A0A-C49A95988E0B}.Debug|x86.ActiveCfg = Debug|x86
		{5E0250D4-5AB6-4379-8A0A-C49A95988E0B}.Debug|x86.Build.0 = Debug|x86
		{5E0250D4-5AB6-4379-8A0A-C49A95988E0B}.Release|x86.ActiveCfg = Release|x86
		{5E0250D4-5AB6-4379-8A0A-C49A95988E0B}.Release|x86.Build.0 = Release|x86
	EndGlobalSection
	GlobalSection(SolutionProperties) = preSolution
		HideSolutionNode = FALSE
	EndGlobalSection
	GlobalSection(ExtensibilityGlobals) = postSolution
		SolutionGuid = {4C6B1182-00A3-4A79-98FE-E94CE9CE66DB}
	EndGlobalSection
EndGlobal
